
Microsoft Visual Studio Solution File, Format Version 12.00
# Visual Studio Version 17
VisualStudioVersion = 17.6.33829.357
MinimumVisualStudioVersion = 10.0.40219.1
Project("{8BC9CEB8-8B4A-11D0-8D11-00A0C91BC942}") = "CG_Practicas_GarciaHEB", "CG_Practicas_GarciaHEB\CG_Practicas_GarciaHEB.vcxproj", "{2531CDEE-913C-43A9-82E3-53FA28485EB5}"
EndProject
Global
	GlobalSection(SolutionConfigurationPlatforms) = preSolution
		Debug|x64 = Debug|x64
		Debug|x86 = Debug|x86
		Release|x64 = Release|x64
		Release|x86 = Release|x86
	EndGlobalSection
	GlobalSection(ProjectConfigurationPlatforms) = postSolution
		{2531CDEE-913C-43A9-82E3-53FA28485EB5}.Debug|x64.ActiveCfg = Debug|x64
		{2531CDEE-913C-43A9-82E3-53FA28485EB5}.Debug|x64.Build.0 = Debug|x64
		{2531CDEE-913C-43A9-82E3-53FA28485EB5}.Debug|x86.ActiveCfg = Debug|Win32
		{2531CDEE-913C-43A9-82E3-53FA28485EB5}.Debug|x86.Build.0 = Debug|Win32
		{2531CDEE-913C-43A9-82E3-53FA28485EB5}.Release|x64.ActiveCfg = Release|x64
		{2531CDEE-913C-43A9-82E3-53FA28485EB5}.Release|x64.Build.0 = Release|x64
		{2531CDEE-913C-43A9-82E3-53FA28485EB5}.Release|x86.ActiveCfg = Release|Win32
		{2531CDEE-913C-43A9-82E3-53FA28485EB5}.Release|x86.Build.0 = Release|Win32
	EndGlobalSection
	GlobalSection(SolutionProperties) = preSolution
		HideSolutionNode = FALSE
	EndGlobalSection
	GlobalSection(ExtensibilityGlobals) = postSolution
		SolutionGuid = {AC99A04D-9416-4F71-AD77-0800151E3093}
	EndGlobalSection
EndGlobal
